
Microsoft Visual Studio Solution File, Format Version 12.00
# Visual Studio Version 16
VisualStudioVersion = 16.0.33214.272
MinimumVisualStudioVersion = 10.0.40219.1
Project("{FAE04EC0-301F-11D3-BF4B-00C04F79EFBC}") = "Design Pattern", "Design Pattern\Design Pattern.csproj", "{ADE5EB5E-D9D6-4668-A299-9B3650EDAD77}"
EndProject
Project("{FAE04EC0-301F-11D3-BF4B-00C04F79EFBC}") = "Design PatternTests", "Design PatternTests\Design PatternTests.csproj", "{F27B1924-2A81-4E92-8EE3-ED81FD18236C}"
EndProject
Global
	GlobalSection(SolutionConfigurationPlatforms) = preSolution
		Debug|Any CPU = Debug|Any CPU
		Release|Any CPU = Release|Any CPU
	EndGlobalSection
	GlobalSection(ProjectConfigurationPlatforms) = postSolution
		{ADE5EB5E-D9D6-4668-A299-9B3650EDAD77}.Debug|Any CPU.ActiveCfg = Debug|Any CPU
		{ADE5EB5E-D9D6-4668-A299-9B3650EDAD77}.Debug|Any CPU.Build.0 = Debug|Any CPU
		{ADE5EB5E-D9D6-4668-A299-9B3650EDAD77}.Release|Any CPU.ActiveCfg = Release|Any CPU
		{ADE5EB5E-D9D6-4668-A299-9B3650EDAD77}.Release|Any CPU.Build.0 = Release|Any CPU
		{F27B1924-2A81-4E92-8EE3-ED81FD18236C}.Debug|Any CPU.ActiveCfg = Debug|Any CPU
		{F27B1924-2A81-4E92-8EE3-ED81FD18236C}.Debug|Any CPU.Build.0 = Debug|Any CPU
		{F27B1924-2A81-4E92-8EE3-ED81FD18236C}.Release|Any CPU.ActiveCfg = Release|Any CPU
		{F27B1924-2A81-4E92-8EE3-ED81FD18236C}.Release|Any CPU.Build.0 = Release|Any CPU
	EndGlobalSection
	GlobalSection(SolutionProperties) = preSolution
		HideSolutionNode = FALSE
	EndGlobalSection
	GlobalSection(ExtensibilityGlobals) = postSolution
		SolutionGuid = {4195FE72-30EA-4967-A37C-4757AF87B495}
	EndGlobalSection
EndGlobal
