
Microsoft Visual Studio Solution File, Format Version 12.00
# Visual Studio Version 16
VisualStudioVersion = 16.0.33214.272
MinimumVisualStudioVersion = 10.0.40219.1
Project("{FAE04EC0-301F-11D3-BF4B-00C04F79EFBC}") = "Splunk_Class01", "Splunk_Class01\Splunk_Class01.csproj", "{D3C51D54-2046-4BEB-AFA6-AED558FCB057}"
EndProject
Global
	GlobalSection(SolutionConfigurationPlatforms) = preSolution
		Debug|Any CPU = Debug|Any CPU
		Release|Any CPU = Release|Any CPU
	EndGlobalSection
	GlobalSection(ProjectConfigurationPlatforms) = postSolution
		{D3C51D54-2046-4BEB-AFA6-AED558FCB057}.Debug|Any CPU.ActiveCfg = Debug|Any CPU
		{D3C51D54-2046-4BEB-AFA6-AED558FCB057}.Debug|Any CPU.Build.0 = Debug|Any CPU
		{D3C51D54-2046-4BEB-AFA6-AED558FCB057}.Release|Any CPU.ActiveCfg = Release|Any CPU
		{D3C51D54-2046-4BEB-AFA6-AED558FCB057}.Release|Any CPU.Build.0 = Release|Any CPU
	EndGlobalSection
	GlobalSection(SolutionProperties) = preSolution
		HideSolutionNode = FALSE
	EndGlobalSection
	GlobalSection(ExtensibilityGlobals) = postSolution
		SolutionGuid = {040AC68A-A8DA-402C-822A-D467C3366C88}
	EndGlobalSection
EndGlobal
