
Microsoft Visual Studio Solution File, Format Version 12.00
# Visual Studio Version 16
VisualStudioVersion = 16.0.33529.622
MinimumVisualStudioVersion = 10.0.40219.1
Project("{9A19103F-16F7-4668-BE54-9A1E7A4F7556}") = "DataOutput", "DataOutput\DataOutput.csproj", "{223F2985-684D-4CFF-A991-96C0D5C0F2B6}"
EndProject
Global
	GlobalSection(SolutionConfigurationPlatforms) = preSolution
		Debug|Any CPU = Debug|Any CPU
		Release|Any CPU = Release|Any CPU
	EndGlobalSection
	GlobalSection(ProjectConfigurationPlatforms) = postSolution
		{223F2985-684D-4CFF-A991-96C0D5C0F2B6}.Debug|Any CPU.ActiveCfg = Debug|Any CPU
		{223F2985-684D-4CFF-A991-96C0D5C0F2B6}.Debug|Any CPU.Build.0 = Debug|Any CPU
		{223F2985-684D-4CFF-A991-96C0D5C0F2B6}.Release|Any CPU.ActiveCfg = Release|Any CPU
		{223F2985-684D-4CFF-A991-96C0D5C0F2B6}.Release|Any CPU.Build.0 = Release|Any CPU
	EndGlobalSection
	GlobalSection(SolutionProperties) = preSolution
		HideSolutionNode = FALSE
	EndGlobalSection
	GlobalSection(ExtensibilityGlobals) = postSolution
		SolutionGuid = {A0A2D2D7-4F67-4F91-B4E1-478D8ABD5427}
	EndGlobalSection
EndGlobal
