
Microsoft Visual Studio Solution File, Format Version 12.00
# Visual Studio Version 16
VisualStudioVersion = 16.0.33214.272
MinimumVisualStudioVersion = 10.0.40219.1
Project("{9A19103F-16F7-4668-BE54-9A1E7A4F7556}") = "DataInput", "DataInput\DataInput.csproj", "{328D8A55-0223-4FCB-803B-F8AFC26DF7C8}"
EndProject
Global
	GlobalSection(SolutionConfigurationPlatforms) = preSolution
		Debug|Any CPU = Debug|Any CPU
		Release|Any CPU = Release|Any CPU
	EndGlobalSection
	GlobalSection(ProjectConfigurationPlatforms) = postSolution
		{328D8A55-0223-4FCB-803B-F8AFC26DF7C8}.Debug|Any CPU.ActiveCfg = Debug|Any CPU
		{328D8A55-0223-4FCB-803B-F8AFC26DF7C8}.Debug|Any CPU.Build.0 = Debug|Any CPU
		{328D8A55-0223-4FCB-803B-F8AFC26DF7C8}.Release|Any CPU.ActiveCfg = Release|Any CPU
		{328D8A55-0223-4FCB-803B-F8AFC26DF7C8}.Release|Any CPU.Build.0 = Release|Any CPU
	EndGlobalSection
	GlobalSection(SolutionProperties) = preSolution
		HideSolutionNode = FALSE
	EndGlobalSection
	GlobalSection(ExtensibilityGlobals) = postSolution
		SolutionGuid = {21BA8CDB-B6B4-4E20-84B3-A2E53D59B92C}
	EndGlobalSection
EndGlobal
